PODS:
  - AFNetworking (0.10.1)
  - FMDB (2.6.2):
    - FMDB/standard (= 2.6.2)
  - FMDB/standard (2.6.2)
  - SDWebImage (3.0):
    - SDWebImage/Main (= 3.0)
  - SDWebImage/Main (3.0)

DEPENDENCIES:
  - AFNetworking
  - FMDB
  - SDWebImage

SPEC CHECKSUMS:
  AFNetworking: 560d6b9394bf2f80c1efac9141e0d36739e0ff6d
  FMDB: 854a0341b4726e53276f2a8996f06f1b80f9259a
  SDWebImage: d101fefa22e62f0b34f91adb39c39e29c2f8d543

PODFILE CHECKSUM: ccff57c350bf6cf1e563272316f40a5f9eb94a80

COCOAPODS: 1.0.0
