// !$*UTF8*$!
{
	archiveVersion = 1;
	classes = {
	};
	objectVersion = 46;
	objects = {

/* Begin PBXBuildFile section */
		54B3DFB053BDC9A2D2D40A83 /* libPods-PicSh.a in Frameworks */ = {isa = PBXBuildFile; fileRef = 1D306F5F652EFB10851D3531 /* libPods-PicSh.a */; };
		8C2EF9101CE98D6500C233AB /* main.m in Sources */ = {isa = PBXBuildFile; fileRef = 8C2EF90F1CE98D6500C233AB /* main.m */; };
		8C2EF9131CE98D6500C233AB /* AppDelegate.m in Sources */ = {isa = PBXBuildFile; fileRef = 8C2EF9121CE98D6500C233AB /* AppDelegate.m */; };
		8C2EF9151CE98D6500C233AB /* Assets.xcassets in Resources */ = {isa = PBXBuildFile; fileRef = 8C2EF9141CE98D6500C233AB /* Assets.xcassets */; };
		8C2EF9181CE98D6500C233AB /* LaunchScreen.storyboard in Resources */ = {isa = PBXBuildFile; fileRef = 8C2EF9161CE98D6500C233AB /* LaunchScreen.storyboard */; };
		8C2EF9231CE98D6500C233AB /* PicShTests.m in Sources */ = {isa = PBXBuildFile; fileRef = 8C2EF9221CE98D6500C233AB /* PicShTests.m */; };
/* End PBXBuildFile section */

/* Begin PBXContainerItemProxy section */
		8C2EF91F1CE98D6500C233AB /* PBXContainerItemProxy */ = {
			isa = PBXContainerItemProxy;
			containerPortal = 8C2EF9031CE98D6500C233AB /* Project object */;
			proxyType = 1;
			remoteGlobalIDString = 8C2EF90A1CE98D6500C233AB;
			remoteInfo = PicSh;
		};
/* End PBXContainerItemProxy section */

/* Begin PBXFileReference section */
		1D306F5F652EFB10851D3531 /* libPods-PicSh.a */ = {isa = PBXFileReference; explicitFileType = archive.ar; includeInIndex = 0; path = "libPods-PicSh.a"; sourceTree = BUILT_PRODUCTS_DIR; };
		2C55A1765011A4AACA0E608A /* Pods-PicSh.debug.xcconfig */ = {isa = PBXFileReference; includeInIndex = 1; lastKnownFileType = text.xcconfig; name = "Pods-PicSh.debug.xcconfig"; path = "Pods/Target Support Files/Pods-PicSh/Pods-PicSh.debug.xcconfig"; sourceTree = "<group>"; };
		886B04AC13576AB56597BE9A /* Pods-PicSh.release.xcconfig */ = {isa = PBXFileReference; includeInIndex = 1; lastKnownFileType = text.xcconfig; name = "Pods-PicSh.release.xcconfig"; path = "Pods/Target Support Files/Pods-PicSh/Pods-PicSh.release.xcconfig"; sourceTree = "<group>"; };
		8C2EF90B1CE98D6500C233AB /* PicSh.app */ = {isa = PBXFileReference; explicitFileType = wrapper.application; includeInIndex = 0; path = PicSh.app; sourceTree = BUILT_PRODUCTS_DIR; };
		8C2EF90F1CE98D6500C233AB /* main.m */ = {isa = PBXFileReference; lastKnownFileType = sourcecode.c.objc; path = main.m; sourceTree = "<group>"; };
		8C2EF9111CE98D6500C233AB /* AppDelegate.h */ = {isa = PBXFileReference; lastKnownFileType = sourcecode.c.h; path = AppDelegate.h; sourceTree = "<group>"; };
		8C2EF9121CE98D6500C233AB /* AppDelegate.m */ = {isa = PBXFileReference; lastKnownFileType = sourcecode.c.objc; path = AppDelegate.m; sourceTree = "<group>"; };
		8C2EF9141CE98D6500C233AB /* Assets.xcassets */ = {isa = PBXFileReference; lastKnownFileType = folder.assetcatalog; path = Assets.xcassets; sourceTree = "<group>"; };
		8C2EF9171CE98D6500C233AB /* Base */ = {isa = PBXFileReference; lastKnownFileType = file.storyboard; name = Base; path = Base.lproj/LaunchScreen.storyboard; sourceTree = "<group>"; };
		8C2EF9191CE98D6500C233AB /* Info.plist */ = {isa = PBXFileReference; lastKnownFileType = text.plist.xml; path = Info.plist; sourceTree = "<group>"; };
		8C2EF91E1CE98D6500C233AB /* PicShTests.xctest */ = {isa = PBXFileReference; explicitFileType = wrapper.cfbundle; includeInIndex = 0; path = PicShTests.xctest; sourceTree = BUILT_PRODUCTS_DIR; };
		8C2EF9221CE98D6500C233AB /* PicShTests.m */ = {isa = PBXFileReference; lastKnownFileType = sourcecode.c.objc; path = PicShTests.m; sourceTree = "<group>"; };
		8C2EF9241CE98D6500C233AB /* Info.plist */ = {isa = PBXFileReference; lastKnownFileType = text.plist.xml; path = Info.plist; sourceTree = "<group>"; };
/* End PBXFileReference section */

/* Begin PBXFrameworksBuildPhase section */
		8C2EF9081CE98D6500C233AB /* Frameworks */ = {
			isa = PBXFrameworksBuildPhase;
			buildActionMask = 2147483647;
			files = (
				54B3DFB053BDC9A2D2D40A83 /* libPods-PicSh.a in Frameworks */,
			);
			runOnlyForDeploymentPostprocessing = 0;
		};
		8C2EF91B1CE98D6500C233AB /* Frameworks */ = {
			isa = PBXFrameworksBuildPhase;
			buildActionMask = 2147483647;
			files = (
			);
			runOnlyForDeploymentPostprocessing = 0;
		};
/* End PBXFrameworksBuildPhase section */

/* Begin PBXGroup section */
		252635D831E2D756A88E0C22 /* Pods */ = {
			isa = PBXGroup;
			children = (
				2C55A1765011A4AACA0E608A /* Pods-PicSh.debug.xcconfig */,
				886B04AC13576AB56597BE9A /* Pods-PicSh.release.xcconfig */,
			);
			name = Pods;
			sourceTree = "<group>";
		};
		7B4A30FC92AAF2F30D02F9B0 /* Frameworks */ = {
			isa = PBXGroup;
			children = (
				1D306F5F652EFB10851D3531 /* libPods-PicSh.a */,
			);
			name = Frameworks;
			sourceTree = "<group>";
		};
		8C2EF9021CE98D6500C233AB = {
			isa = PBXGroup;
			children = (
				8C2EF90D1CE98D6500C233AB /* PicSh */,
				8C2EF9211CE98D6500C233AB /* PicShTests */,
				8C2EF90C1CE98D6500C233AB /* Products */,
				252635D831E2D756A88E0C22 /* Pods */,
				7B4A30FC92AAF2F30D02F9B0 /* Frameworks */,
			);
			sourceTree = "<group>";
		};
		8C2EF90C1CE98D6500C233AB /* Products */ = {
			isa = PBXGroup;
			children = (
				8C2EF90B1CE98D6500C233AB /* PicSh.app */,
				8C2EF91E1CE98D6500C233AB /* PicShTests.xctest */,
			);
			name = Products;
			sourceTree = "<group>";
		};
		8C2EF90D1CE98D6500C233AB /* PicSh */ = {
			isa = PBXGroup;
			children = (
				8C2EF9111CE98D6500C233AB /* AppDelegate.h */,
				8C2EF9121CE98D6500C233AB /* AppDelegate.m */,
				8C2EF9141CE98D6500C233AB /* Assets.xcassets */,
				8C2EF9161CE98D6500C233AB /* LaunchScreen.storyboard */,
				8C2EF9191CE98D6500C233AB /* Info.plist */,
				8C2EF90E1CE98D6500C233AB /* Supporting Files */,
			);
			path = PicSh;
			sourceTree = "<group>";
		};
		8C2EF90E1CE98D6500C233AB /* Supporting Files */ = {
			isa = PBXGroup;
			children = (
				8C2EF90F1CE98D6500C233AB /* main.m */,
			);
			name = "Supporting Files";
			sourceTree = "<group>";
		};
		8C2EF9211CE98D6500C233AB /* PicShTests */ = {
			isa = PBXGroup;
			children = (
				8C2EF9221CE98D6500C233AB /* PicShTests.m */,
				8C2EF9241CE98D6500C233AB /* Info.plist */,
			);
			path = PicShTests;
			sourceTree = "<group>";
		};
/* End PBXGroup section */

/* Begin PBXNativeTarget section */
		8C2EF90A1CE98D6500C233AB /* PicSh */ = {
			isa = PBXNativeTarget;
			buildConfigurationList = 8C2EF9271CE98D6500C233AB /* Build configuration list for PBXNativeTarget "PicSh" */;
			buildPhases = (
				0F187993AA5B8ADE407F31A4 /* 📦 Check Pods Manifest.lock */,
				8C2EF9071CE98D6500C233AB /* Sources */,
				8C2EF9081CE98D6500C233AB /* Frameworks */,
				8C2EF9091CE98D6500C233AB /* Resources */,
				949CAD380697802ABA6690F2 /* 📦 Embed Pods Frameworks */,
				17EEDA75EBE31D91554F2E77 /* 📦 Copy Pods Resources */,
			);
			buildRules = (
			);
			dependencies = (
			);
			name = PicSh;
			productName = PicSh;
			productReference = 8C2EF90B1CE98D6500C233AB /* PicSh.app */;
			productType = "com.apple.product-type.application";
		};
		8C2EF91D1CE98D6500C233AB /* PicShTests */ = {
			isa = PBXNativeTarget;
			buildConfigurationList = 8C2EF92A1CE98D6500C233AB /* Build configuration list for PBXNativeTarget "PicShTests" */;
			buildPhases = (
				8C2EF91A1CE98D6500C233AB /* Sources */,
				8C2EF91B1CE98D6500C233AB /* Frameworks */,
				8C2EF91C1CE98D6500C233AB /* Resources */,
			);
			buildRules = (
			);
			dependencies = (
				8C2EF9201CE98D6500C233AB /* PBXTargetDependency */,
			);
			name = PicShTests;
			productName = PicShTests;
			productReference = 8C2EF91E1CE98D6500C233AB /* PicShTests.xctest */;
			productType = "com.apple.product-type.bundle.unit-test";
		};
/* End PBXNativeTarget section */

/* Begin PBXProject section */
		8C2EF9031CE98D6500C233AB /* Project object */ = {
			isa = PBXProject;
			attributes = {
				LastUpgradeCheck = 0730;
				ORGANIZATIONNAME = AsiaInfo;
				TargetAttributes = {
					8C2EF90A1CE98D6500C233AB = {
						CreatedOnToolsVersion = 7.3.1;
						DevelopmentTeam = SJFH7WE6F4;
					};
					8C2EF91D1CE98D6500C233AB = {
						CreatedOnToolsVersion = 7.3.1;
						DevelopmentTeam = SJFH7WE6F4;
						TestTargetID = 8C2EF90A1CE98D6500C233AB;
					};
				};
			};
			buildConfigurationList = 8C2EF9061CE98D6500C233AB /* Build configuration list for PBXProject "PicSh" */;
			compatibilityVersion = "Xcode 3.2";
			developmentRegion = English;
			hasScannedForEncodings = 0;
			knownRegions = (
				en,
				Base,
			);
			mainGroup = 8C2EF9021CE98D6500C233AB;
			productRefGroup = 8C2EF90C1CE98D6500C233AB /* Products */;
			projectDirPath = "";
			projectRoot = "";
			targets = (
				8C2EF90A1CE98D6500C233AB /* PicSh */,
				8C2EF91D1CE98D6500C233AB /* PicShTests */,
			);
		};
/* End PBXProject section */

/* Begin PBXResourcesBuildPhase section */
		8C2EF9091CE98D6500C233AB /* Resources */ = {
			isa = PBXResourcesBuildPhase;
			buildActionMask = 2147483647;
			files = (
				8C2EF9151CE98D6500C233AB /* Assets.xcassets in Resources */,
				8C2EF9181CE98D6500C233AB /* LaunchScreen.storyboard in Resources */,
			);
			runOnlyForDeploymentPostprocessing = 0;
		};
		8C2EF91C1CE98D6500C233AB /* Resources */ = {
			isa = PBXResourcesBuildPhase;
			buildActionMask = 2147483647;
			files = (
			);
			runOnlyForDeploymentPostprocessing = 0;
		};
/* End PBXResourcesBuildPhase section */

/* Begin PBXShellScriptBuildPhase section */
		0F187993AA5B8ADE407F31A4 /* 📦 Check Pods Manifest.lock */ = {
			isa = PBXShellScriptBuildPhase;
			buildActionMask = 2147483647;
			files = (
			);
			inputPaths = (
			);
			name = "📦 Check Pods Manifest.lock";
			outputPaths = (
			);
			runOnlyForDeploymentPostprocessing = 0;
			shellPath = /bin/sh;
			shellScript = "diff \"${PODS_ROOT}/../Podfile.lock\" \"${PODS_ROOT}/Manifest.lock\" > /dev/null\nif [[ $? != 0 ]] ; then\n    cat << EOM\nerror: The sandbox is not in sync with the Podfile.lock. Run 'pod install' or update your CocoaPods installation.\nEOM\n    exit 1\nfi\n";
			showEnvVarsInLog = 0;
		};
		17EEDA75EBE31D91554F2E77 /* 📦 Copy Pods Resources */ = {
			isa = PBXShellScriptBuildPhase;
			buildActionMask = 2147483647;
			files = (
			);
			inputPaths = (
			);
			name = "📦 Copy Pods Resources";
			outputPaths = (
			);
			runOnlyForDeploymentPostprocessing = 0;
			shellPath = /bin/sh;
			shellScript = "\"${SRCROOT}/Pods/Target Support Files/Pods-PicSh/Pods-PicSh-resources.sh\"\n";
			showEnvVarsInLog = 0;
		};
		949CAD380697802ABA6690F2 /* 📦 Embed Pods Frameworks */ = {
			isa = PBXShellScriptBuildPhase;
			buildActionMask = 2147483647;
			files = (
			);
			inputPaths = (
			);
			name = "📦 Embed Pods Frameworks";
			outputPaths = (
			);
			runOnlyForDeploymentPostprocessing = 0;
			shellPath = /bin/sh;
			shellScript = "\"${SRCROOT}/Pods/Target Support Files/Pods-PicSh/Pods-PicSh-frameworks.sh\"\n";
			showEnvVarsInLog = 0;
		};
/* End PBXShellScriptBuildPhase section */

/* Begin PBXSourcesBuildPhase section */
		8C2EF9071CE98D6500C233AB /* Sources */ = {
			isa = PBXSourcesBuildPhase;
			buildActionMask = 2147483647;
			files = (
				8C2EF9131CE98D6500C233AB /* AppDelegate.m in Sources */,
				8C2EF9101CE98D6500C233AB /* main.m in Sources */,
			);
			runOnlyForDeploymentPostprocessing = 0;
		};
		8C2EF91A1CE98D6500C233AB /* Sources */ = {
			isa = PBXSourcesBuildPhase;
			buildActionMask = 2147483647;
			files = (
				8C2EF9231CE98D6500C233AB /* PicShTests.m in Sources */,
			);
			runOnlyForDeploymentPostprocessing = 0;
		};
/* End PBXSourcesBuildPhase section */

/* Begin PBXTargetDependency section */
		8C2EF9201CE98D6500C233AB /* PBXTargetDependency */ = {
			isa = PBXTargetDependency;
			target = 8C2EF90A1CE98D6500C233AB /* PicSh */;
			targetProxy = 8C2EF91F1CE98D6500C233AB /* PBXContainerItemProxy */;
		};
/* End PBXTargetDependency section */

/* Begin PBXVariantGroup section */
		8C2EF9161CE98D6500C233AB /* LaunchScreen.storyboard */ = {
			isa = PBXVariantGroup;
			children = (
				8C2EF9171CE98D6500C233AB /* Base */,
			);
			name = LaunchScreen.storyboard;
			sourceTree = "<group>";
		};
/* End PBXVariantGroup section */

/* Begin XCBuildConfiguration section */
		8C2EF9251CE98D6500C233AB /* Debug */ = {
			isa = XCBuildConfiguration;
			buildSettings = {
				ALWAYS_SEARCH_USER_PATHS = NO;
				CLANG_ANALYZER_NONNULL = YES;
				CLANG_CXX_LANGUAGE_STANDARD = "gnu++0x";
				CLANG_CXX_LIBRARY = "libc++";
				CLANG_ENABLE_MODULES = YES;
				CLANG_ENABLE_OBJC_ARC = YES;
				CLANG_WARN_BOOL_CONVERSION = YES;
				CLANG_WARN_CONSTANT_CONVERSION = YES;
				CLANG_WARN_DIRECT_OBJC_ISA_USAGE = YES_ERROR;
				CLANG_WARN_EMPTY_BODY = YES;
				CLANG_WARN_ENUM_CONVERSION = YES;
				CLANG_WARN_INT_CONVERSION = YES;
				CLANG_WARN_OBJC_ROOT_CLASS = YES_ERROR;
				CLANG_WARN_UNREACHABLE_CODE = YES;
				CLANG_WARN__DUPLICATE_METHOD_MATCH = YES;
				"CODE_SIGN_IDENTITY[sdk=iphoneos*]" = "iPhone Developer";
				COPY_PHASE_STRIP = NO;
				DEBUG_INFORMATION_FORMAT = dwarf;
				ENABLE_STRICT_OBJC_MSGSEND = YES;
				ENABLE_TESTABILITY = YES;
				GCC_C_LANGUAGE_STANDARD = gnu99;
				GCC_DYNAMIC_NO_PIC = NO;
				GCC_NO_COMMON_BLOCKS = YES;
				GCC_OPTIMIZATION_LEVEL = 0;
				GCC_PREPROCESSOR_DEFINITIONS = (
					"DEBUG=1",
					"$(inherited)",
				);
				GCC_WARN_64_TO_32_BIT_CONVERSION = YES;
				GCC_WARN_ABOUT_RETURN_TYPE = YES_ERROR;
				GCC_WARN_UNDECLARED_SELECTOR = YES;
				GCC_WARN_UNINITIALIZED_AUTOS = YES_AGGRESSIVE;
				GCC_WARN_UNUSED_FUNCTION = YES;
				GCC_WARN_UNUSED_VARIABLE = YES;
				IPHONEOS_DEPLOYMENT_TARGET = 9.3;
				MTL_ENABLE_DEBUG_INFO = YES;
				ONLY_ACTIVE_ARCH = YES;
				SDKROOT = iphoneos;
				TARGETED_DEVICE_FAMILY = "1,2";
			};
			name = Debug;
		};
		8C2EF9261CE98D6500C233AB /* Release */ = {
			isa = XCBuildConfiguration;
			buildSettings = {
				ALWAYS_SEARCH_USER_PATHS = NO;
				CLANG_ANALYZER_NONNULL = YES;
				CLANG_CXX_LANGUAGE_STANDARD = "gnu++0x";
				CLANG_CXX_LIBRARY = "libc++";
				CLANG_ENABLE_MODULES = YES;
				CLANG_ENABLE_OBJC_ARC = YES;
				CLANG_WARN_BOOL_CONVERSION = YES;
				CLANG_WARN_CONSTANT_CONVERSION = YES;
				CLANG_WARN_DIRECT_OBJC_ISA_USAGE = YES_ERROR;
				CLANG_WARN_EMPTY_BODY = YES;
				CLANG_WARN_ENUM_CONVERSION = YES;
				CLANG_WARN_INT_CONVERSION = YES;
				CLANG_WARN_OBJC_ROOT_CLASS = YES_ERROR;
				CLANG_WARN_UNREACHABLE_CODE = YES;
				CLANG_WARN__DUPLICATE_METHOD_MATCH = YES;
				"CODE_SIGN_IDENTITY[sdk=iphoneos*]" = "iPhone Developer";
				COPY_PHASE_STRIP = NO;
				DEBUG_INFORMATION_FORMAT = "dwarf-with-dsym";
				ENABLE_NS_ASSERTIONS = NO;
				ENABLE_STRICT_OBJC_MSGSEND = YES;
				GCC_C_LANGUAGE_STANDARD = gnu99;
				GCC_NO_COMMON_BLOCKS = YES;
				GCC_WARN_64_TO_32_BIT_CONVERSION = YES;
				GCC_WARN_ABOUT_RETURN_TYPE = YES_ERROR;
				GCC_WARN_UNDECLARED_SELECTOR = YES;
				GCC_WARN_UNINITIALIZED_AUTOS = YES_AGGRESSIVE;
				GCC_WARN_UNUSED_FUNCTION = YES;
				GCC_WARN_UNUSED_VARIABLE = YES;
				IPHONEOS_DEPLOYMENT_TARGET = 9.3;
				MTL_ENABLE_DEBUG_INFO = NO;
				SDKROOT = iphoneos;
				TARGETED_DEVICE_FAMILY = "1,2";
				VALIDATE_PRODUCT = YES;
			};
			name = Release;
		};
		8C2EF9281CE98D6500C233AB /* Debug */ = {
			isa = XCBuildConfiguration;
			baseConfigurationReference = 2C55A1765011A4AACA0E608A /* Pods-PicSh.debug.xcconfig */;
			buildSettings = {
				ASSETCATALOG_COMPILER_APPICON_NAME = AppIcon;
				INFOPLIST_FILE = PicSh/Info.plist;
				LD_RUNPATH_SEARCH_PATHS = "$(inherited) @executable_path/Frameworks";
				PRODUCT_BUNDLE_IDENTIFIER = net.wicp.wvqusrtg.PicSh;
				PRODUCT_NAME = "$(TARGET_NAME)";
			};
			name = Debug;
		};
		8C2EF9291CE98D6500C233AB /* Release */ = {
			isa = XCBuildConfiguration;
			baseConfigurationReference = 886B04AC13576AB56597BE9A /* Pods-PicSh.release.xcconfig */;
			buildSettings = {
				ASSETCATALOG_COMPILER_APPICON_NAME = AppIcon;
				INFOPLIST_FILE = PicSh/Info.plist;
				LD_RUNPATH_SEARCH_PATHS = "$(inherited) @executable_path/Frameworks";
				PRODUCT_BUNDLE_IDENTIFIER = net.wicp.wvqusrtg.PicSh;
				PRODUCT_NAME = "$(TARGET_NAME)";
			};
			name = Release;
		};
		8C2EF92B1CE98D6500C233AB /* Debug */ = {
			isa = XCBuildConfiguration;
			buildSettings = {
				BUNDLE_LOADER = "$(TEST_HOST)";
				INFOPLIST_FILE = PicShTests/Info.plist;
				LD_RUNPATH_SEARCH_PATHS = "$(inherited) @executable_path/Frameworks @loader_path/Frameworks";
				PRODUCT_BUNDLE_IDENTIFIER = net.wicp.wvqusrtg.PicShTests;
				PRODUCT_NAME = "$(TARGET_NAME)";
				TEST_HOST = "$(BUILT_PRODUCTS_DIR)/PicSh.app/PicSh";
			};
			name = Debug;
		};
		8C2EF92C1CE98D6500C233AB /* Release */ = {
			isa = XCBuildConfiguration;
			buildSettings = {
				BUNDLE_LOADER = "$(TEST_HOST)";
				INFOPLIST_FILE = PicShTests/Info.plist;
				LD_RUNPATH_SEARCH_PATHS = "$(inherited) @executable_path/Frameworks @loader_path/Frameworks";
				PRODUCT_BUNDLE_IDENTIFIER = net.wicp.wvqusrtg.PicShTests;
				PRODUCT_NAME = "$(TARGET_NAME)";
				TEST_HOST = "$(BUILT_PRODUCTS_DIR)/PicSh.app/PicSh";
			};
			name = Release;
		};
/* End XCBuildConfiguration section */

/* Begin XCConfigurationList section */
		8C2EF9061CE98D6500C233AB /* Build configuration list for PBXProject "PicSh" */ = {
			isa = XCConfigurationList;
			buildConfigurations = (
				8C2EF9251CE98D6500C233AB /* Debug */,
				8C2EF9261CE98D6500C233AB /* Release */,
			);
			defaultConfigurationIsVisible = 0;
			defaultConfigurationName = Release;
		};
		8C2EF9271CE98D6500C233AB /* Build configuration list for PBXNativeTarget "PicSh" */ = {
			isa = XCConfigurationList;
			buildConfigurations = (
				8C2EF9281CE98D6500C233AB /* Debug */,
				8C2EF9291CE98D6500C233AB /* Release */,
			);
			defaultConfigurationIsVisible = 0;
			defaultConfigurationName = Release;
		};
		8C2EF92A1CE98D6500C233AB /* Build configuration list for PBXNativeTarget "PicShTests" */ = {
			isa = XCConfigurationList;
			buildConfigurations = (
				8C2EF92B1CE98D6500C233AB /* Debug */,
				8C2EF92C1CE98D6500C233AB /* Release */,
			);
			defaultConfigurationIsVisible = 0;
			defaultConfigurationName = Release;
		};
/* End XCConfigurationList section */
	};
	rootObject = 8C2EF9031CE98D6500C233AB /* Project object */;
}
